// !$*UTF8*$!
{
	archiveVersion = 1;
	classes = {
	};
	objectVersion = 56;
	objects = {

/* Begin PBXBuildFile section */
		A2E74F0829D75F4D001F50D8 /* InstagramLayoutApp.swift in Sources */ = {isa = PBXBuildFile; fileRef = A2E74F0729D75F4D001F50D8 /* InstagramLayoutApp.swift */; };
		A2E74F0A29D75F4D001F50D8 /* ContentView.swift in Sources */ = {isa = PBXBuildFile; fileRef = A2E74F0929D75F4D001F50D8 /* ContentView.swift */; };
		A2E74F0C29D75F4F001F50D8 /* Assets.xcassets in Resources */ = {isa = PBXBuildFile; fileRef = A2E74F0B29D75F4F001F50D8 /* Assets.xcassets */; };
		A2E74F0F29D75F4F001F50D8 /* Preview Assets.xcassets in Resources */ = {isa = PBXBuildFile; fileRef = A2E74F0E29D75F4F001F50D8 /* Preview Assets.xcassets */; };
		A2E74F1829D75FF3001F50D8 /* Data.swift in Sources */ = {isa = PBXBuildFile; fileRef = A2E74F1729D75FF3001F50D8 /* Data.swift */; };
		A2E74F1A29D76000001F50D8 /* TopView.swift in Sources */ = {isa = PBXBuildFile; fileRef = A2E74F1929D76000001F50D8 /* TopView.swift */; };
		A2E74F1C29D76007001F50D8 /* StoryView.swift in Sources */ = {isa = PBXBuildFile; fileRef = A2E74F1B29D76007001F50D8 /* StoryView.swift */; };
		A2E74F1E29D7600F001F50D8 /* PostView.swift in Sources */ = {isa = PBXBuildFile; fileRef = A2E74F1D29D7600F001F50D8 /* PostView.swift */; };
		A2E74F2029D7601A001F50D8 /* TabView.swift in Sources */ = {isa = PBXBuildFile; fileRef = A2E74F1F29D7601A001F50D8 /* TabView.swift */; };
		A2E74F2729D783B8001F50D8 /* StoryItems.swift in Sources */ = {isa = PBXBuildFile; fileRef = A2E74F2629D783B8001F50D8 /* StoryItems.swift */; };
		A2E74F2929D783E0001F50D8 /* PostItems.swift in Sources */ = {isa = PBXBuildFile; fileRef = A2E74F2829D783E0001F50D8 /* PostItems.swift */; };
/* End PBXBuildFile section */

/* Begin PBXFileReference section */
		A2E74F0429D75F4D001F50D8 /* InstagramLayout.app */ = {isa = PBXFileReference; explicitFileType = wrapper.application; includeInIndex = 0; path = InstagramLayout.app; sourceTree = BUILT_PRODUCTS_DIR; };
		A2E74F0729D75F4D001F50D8 /* InstagramLayoutApp.swift */ = {isa = PBXFileReference; lastKnownFileType = sourcecode.swift; path = InstagramLayoutApp.swift; sourceTree = "<group>"; };
		A2E74F0929D75F4D001F50D8 /* ContentView.swift */ = {isa = PBXFileReference; lastKnownFileType = sourcecode.swift; path = ContentView.swift; sourceTree = "<group>"; };
		A2E74F0B29D75F4F001F50D8 /* Assets.xcassets */ = {isa = PBXFileReference; lastKnownFileType = folder.assetcatalog; path = Assets.xcassets; sourceTree = "<group>"; };
		A2E74F0E29D75F4F001F50D8 /* Preview Assets.xcassets */ = {isa = PBXFileReference; lastKnownFileType = folder.assetcatalog; path = "Preview Assets.xcassets"; sourceTree = "<group>"; };
		A2E74F1729D75FF3001F50D8 /* Data.swift */ = {isa = PBXFileReference; lastKnownFileType = sourcecode.swift; path = Data.swift; sourceTree = "<group>"; };
		A2E74F1929D76000001F50D8 /* TopView.swift */ = {isa = PBXFileReference; lastKnownFileType = sourcecode.swift; path = TopView.swift; sourceTree = "<group>"; };
		A2E74F1B29D76007001F50D8 /* StoryView.swift */ = {isa = PBXFileReference; lastKnownFileType = sourcecode.swift; path = StoryView.swift; sourceTree = "<group>"; };
		A2E74F1D29D7600F001F50D8 /* PostView.swift */ = {isa = PBXFileReference; lastKnownFileType = sourcecode.swift; path = PostView.swift; sourceTree = "<group>"; };
		A2E74F1F29D7601A001F50D8 /* TabView.swift */ = {isa = PBXFileReference; lastKnownFileType = sourcecode.swift; path = TabView.swift; sourceTree = "<group>"; };
		A2E74F2629D783B8001F50D8 /* StoryItems.swift */ = {isa = PBXFileReference; lastKnownFileType = sourcecode.swift; path = StoryItems.swift; sourceTree = "<group>"; };
		A2E74F2829D783E0001F50D8 /* PostItems.swift */ = {isa = PBXFileReference; lastKnownFileType = sourcecode.swift; path = PostItems.swift; sourceTree = "<group>"; };
/* End PBXFileReference section */

/* Begin PBXFrameworksBuildPhase section */
		A2E74F0129D75F4D001F50D8 /* Frameworks */ = {
			isa = PBXFrameworksBuildPhase;
			buildActionMask = 2147483647;
			files = (
			);
			runOnlyForDeploymentPostprocessing = 0;
		};
/* End PBXFrameworksBuildPhase section */

/* Begin PBXGroup section */
		A2E74EFB29D75F4D001F50D8 = {
			isa = PBXGroup;
			children = (
				A2E74F0629D75F4D001F50D8 /* InstagramLayout */,
				A2E74F0529D75F4D001F50D8 /* Products */,
			);
			sourceTree = "<group>";
		};
		A2E74F0529D75F4D001F50D8 /* Products */ = {
			isa = PBXGroup;
			children = (
				A2E74F0429D75F4D001F50D8 /* InstagramLayout.app */,
			);
			name = Products;
			sourceTree = "<group>";
		};
		A2E74F0629D75F4D001F50D8 /* InstagramLayout */ = {
			isa = PBXGroup;
			children = (
				A2E74F2529D76AE7001F50D8 /* ViewModels */,
				A2E74F2229D7612F001F50D8 /* Models */,
				A2E74F1629D75FE6001F50D8 /* Views */,
				A2E74F0729D75F4D001F50D8 /* InstagramLayoutApp.swift */,
				A2E74F0929D75F4D001F50D8 /* ContentView.swift */,
				A2E74F0B29D75F4F001F50D8 /* Assets.xcassets */,
				A2E74F0D29D75F4F001F50D8 /* Preview Content */,
			);
			path = InstagramLayout;
			sourceTree = "<group>";
		};
		A2E74F0D29D75F4F001F50D8 /* Preview Content */ = {
			isa = PBXGroup;
			children = (
				A2E74F0E29D75F4F001F50D8 /* Preview Assets.xcassets */,
			);
			path = "Preview Content";
			sourceTree = "<group>";
		};
		A2E74F1629D75FE6001F50D8 /* Views */ = {
			isa = PBXGroup;
			children = (
				A2E74F1929D76000001F50D8 /* TopView.swift */,
				A2E74F1B29D76007001F50D8 /* StoryView.swift */,
				A2E74F1D29D7600F001F50D8 /* PostView.swift */,
				A2E74F1F29D7601A001F50D8 /* TabView.swift */,
			);
			path = Views;
			sourceTree = "<group>";
		};
		A2E74F2229D7612F001F50D8 /* Models */ = {
			isa = PBXGroup;
			children = (
				A2E74F1729D75FF3001F50D8 /* Data.swift */,
			);
			path = Models;
			sourceTree = "<group>";
		};
		A2E74F2529D76AE7001F50D8 /* ViewModels */ = {
			isa = PBXGroup;
			children = (
				A2E74F2629D783B8001F50D8 /* StoryItems.swift */,
				A2E74F2829D783E0001F50D8 /* PostItems.swift */,
			);
			path = ViewModels;
			sourceTree = "<group>";
		};
/* End PBXGroup section */

/* Begin PBXNativeTarget section */
		A2E74F0329D75F4D001F50D8 /* InstagramLayout */ = {
			isa = PBXNativeTarget;
			buildConfigurationList = A2E74F1229D75F4F001F50D8 /* Build configuration list for PBXNativeTarget "InstagramLayout" */;
			buildPhases = (
				A2E74F0029D75F4D001F50D8 /* Sources */,
				A2E74F0129D75F4D001F50D8 /* Frameworks */,
				A2E74F0229D75F4D001F50D8 /* Resources */,
			);
			buildRules = (
			);
			dependencies = (
			);
			name = InstagramLayout;
			productName = InstagramLayout;
			productReference = A2E74F0429D75F4D001F50D8 /* InstagramLayout.app */;
			productType = "com.apple.product-type.application";
		};
/* End PBXNativeTarget section */

/* Begin PBXProject section */
		A2E74EFC29D75F4D001F50D8 /* Project object */ = {
			isa = PBXProject;
			attributes = {
				BuildIndependentTargetsInParallel = 1;
				LastSwiftUpdateCheck = 1420;
				LastUpgradeCheck = 1420;
				TargetAttributes = {
					A2E74F0329D75F4D001F50D8 = {
						CreatedOnToolsVersion = 14.2;
					};
				};
			};
			buildConfigurationList = A2E74EFF29D75F4D001F50D8 /* Build configuration list for PBXProject "InstagramLayout" */;
			compatibilityVersion = "Xcode 14.0";
			developmentRegion = en;
			hasScannedForEncodings = 0;
			knownRegions = (
				en,
				Base,
			);
			mainGroup = A2E74EFB29D75F4D001F50D8;
			productRefGroup = A2E74F0529D75F4D001F50D8 /* Products */;
			projectDirPath = "";
			projectRoot = "";
			targets = (
				A2E74F0329D75F4D001F50D8 /* InstagramLayout */,
			);
		};
/* End PBXProject section */

/* Begin PBXResourcesBuildPhase section */
		A2E74F0229D75F4D001F50D8 /* Resources */ = {
			isa = PBXResourcesBuildPhase;
			buildActionMask = 2147483647;
			files = (
				A2E74F0F29D75F4F001F50D8 /* Preview Assets.xcassets in Resources */,
				A2E74F0C29D75F4F001F50D8 /* Assets.xcassets in Resources */,
			);
			runOnlyForDeploymentPostprocessing = 0;
		};
/* End PBXResourcesBuildPhase section */

/* Begin PBXSourcesBuildPhase section */
		A2E74F0029D75F4D001F50D8 /* Sources */ = {
			isa = PBXSourcesBuildPhase;
			buildActionMask = 2147483647;
			files = (
				A2E74F2929D783E0001F50D8 /* PostItems.swift in Sources */,
				A2E74F1C29D76007001F50D8 /* StoryView.swift in Sources */,
				A2E74F0A29D75F4D001F50D8 /* ContentView.swift in Sources */,
				A2E74F1829D75FF3001F50D8 /* Data.swift in Sources */,
				A2E74F1A29D76000001F50D8 /* TopView.swift in Sources */,
				A2E74F2029D7601A001F50D8 /* TabView.swift in Sources */,
				A2E74F1E29D7600F001F50D8 /* PostView.swift in Sources */,
				A2E74F2729D783B8001F50D8 /* StoryItems.swift in Sources */,
				A2E74F0829D75F4D001F50D8 /* InstagramLayoutApp.swift in Sources */,
			);
			runOnlyForDeploymentPostprocessing = 0;
		};
/* End PBXSourcesBuildPhase section */

/* Begin XCBuildConfiguration section */
		A2E74F1029D75F4F001F50D8 /* Debug */ = {
			isa = XCBuildConfiguration;
			buildSettings = {
				ALWAYS_SEARCH_USER_PATHS = NO;
				CLANG_ANALYZER_NONNULL = YES;
				CLANG_ANALYZER_NUMBER_OBJECT_CONVERSION = YES_AGGRESSIVE;
				CLANG_CXX_LANGUAGE_STANDARD = "gnu++20";
				CLANG_ENABLE_MODULES = YES;
				CLANG_ENABLE_OBJC_ARC = YES;
				CLANG_ENABLE_OBJC_WEAK = YES;
				CLANG_WARN_BLOCK_CAPTURE_AUTORELEASING = YES;
				CLANG_WARN_BOOL_CONVERSION = YES;
				CLANG_WARN_COMMA = YES;
				CLANG_WARN_CONSTANT_CONVERSION = YES;
				CLANG_WARN_DEPRECATED_OBJC_IMPLEMENTATIONS = YES;
				CLANG_WARN_DIRECT_OBJC_ISA_USAGE = YES_ERROR;
				CLANG_WARN_DOCUMENTATION_COMMENTS = YES;
				CLANG_WARN_EMPTY_BODY = YES;
				CLANG_WARN_ENUM_CONVERSION = YES;
				CLANG_WARN_INFINITE_RECURSION = YES;
				CLANG_WARN_INT_CONVERSION = YES;
				CLANG_WARN_NON_LITERAL_NULL_CONVERSION = YES;
				CLANG_WARN_OBJC_IMPLICIT_RETAIN_SELF = YES;
				CLANG_WARN_OBJC_LITERAL_CONVERSION = YES;
				CLANG_WARN_OBJC_ROOT_CLASS = YES_ERROR;
				CLANG_WARN_QUOTED_INCLUDE_IN_FRAMEWORK_HEADER = YES;
				CLANG_WARN_RANGE_LOOP_ANALYSIS = YES;
				CLANG_WARN_STRICT_PROTOTYPES = YES;
				CLANG_WARN_SUSPICIOUS_MOVE = YES;
				CLANG_WARN_UNGUARDED_AVAILABILITY = YES_AGGRESSIVE;
				CLANG_WARN_UNREACHABLE_CODE = YES;
				CLANG_WARN__DUPLICATE_METHOD_MATCH = YES;
				COPY_PHASE_STRIP = NO;
				DEBUG_INFORMATION_FORMAT = dwarf;
				ENABLE_STRICT_OBJC_MSGSEND = YES;
				ENABLE_TESTABILITY = YES;
				GCC_C_LANGUAGE_STANDARD = gnu11;
				GCC_DYNAMIC_NO_PIC = NO;
				GCC_NO_COMMON_BLOCKS = YES;
				GCC_OPTIMIZATION_LEVEL = 0;
				GCC_PREPROCESSOR_DEFINITIONS = (
					"DEBUG=1",
					"$(inherited)",
				);
				GCC_WARN_64_TO_32_BIT_CONVERSION = YES;
				GCC_WARN_ABOUT_RETURN_TYPE = YES_ERROR;
				GCC_WARN_UNDECLARED_SELECTOR = YES;
				GCC_WARN_UNINITIALIZED_AUTOS = YES_AGGRESSIVE;
				GCC_WARN_UNUSED_FUNCTION = YES;
				GCC_WARN_UNUSED_VARIABLE = YES;
				IPHONEOS_DEPLOYMENT_TARGET = 16.2;
				MTL_ENABLE_DEBUG_INFO = INCLUDE_SOURCE;
				MTL_FAST_MATH = YES;
				ONLY_ACTIVE_ARCH = YES;
				SDKROOT = iphoneos;
				SWIFT_ACTIVE_COMPILATION_CONDITIONS = DEBUG;
				SWIFT_OPTIMIZATION_LEVEL = "-Onone";
			};
			name = Debug;
		};
		A2E74F1129D75F4F001F50D8 /* Release */ = {
			isa = XCBuildConfiguration;
			buildSettings = {
				ALWAYS_SEARCH_USER_PATHS = NO;
				CLANG_ANALYZER_NONNULL = YES;
				CLANG_ANALYZER_NUMBER_OBJECT_CONVERSION = YES_AGGRESSIVE;
				CLANG_CXX_LANGUAGE_STANDARD = "gnu++20";
				CLANG_ENABLE_MODULES = YES;
				CLANG_ENABLE_OBJC_ARC = YES;
				CLANG_ENABLE_OBJC_WEAK = YES;
				CLANG_WARN_BLOCK_CAPTURE_AUTORELEASING = YES;
				CLANG_WARN_BOOL_CONVERSION = YES;
				CLANG_WARN_COMMA = YES;
				CLANG_WARN_CONSTANT_CONVERSION = YES;
				CLANG_WARN_DEPRECATED_OBJC_IMPLEMENTATIONS = YES;
				CLANG_WARN_DIRECT_OBJC_ISA_USAGE = YES_ERROR;
				CLANG_WARN_DOCUMENTATION_COMMENTS = YES;
				CLANG_WARN_EMPTY_BODY = YES;
				CLANG_WARN_ENUM_CONVERSION = YES;
				CLANG_WARN_INFINITE_RECURSION = YES;
				CLANG_WARN_INT_CONVERSION = YES;
				CLANG_WARN_NON_LITERAL_NULL_CONVERSION = YES;
				CLANG_WARN_OBJC_IMPLICIT_RETAIN_SELF = YES;
				CLANG_WARN_OBJC_LITERAL_CONVERSION = YES;
				CLANG_WARN_OBJC_ROOT_CLASS = YES_ERROR;
				CLANG_WARN_QUOTED_INCLUDE_IN_FRAMEWORK_HEADER = YES;
				CLANG_WARN_RANGE_LOOP_ANALYSIS = YES;
				CLANG_WARN_STRICT_PROTOTYPES = YES;
				CLANG_WARN_SUSPICIOUS_MOVE = YES;
				CLANG_WARN_UNGUARDED_AVAILABILITY = YES_AGGRESSIVE;
				CLANG_WARN_UNREACHABLE_CODE = YES;
				CLANG_WARN__DUPLICATE_METHOD_MATCH = YES;
				COPY_PHASE_STRIP = NO;
				DEBUG_INFORMATION_FORMAT = "dwarf-with-dsym";
				ENABLE_NS_ASSERTIONS = NO;
				ENABLE_STRICT_OBJC_MSGSEND = YES;
				GCC_C_LANGUAGE_STANDARD = gnu11;
				GCC_NO_COMMON_BLOCKS = YES;
				GCC_WARN_64_TO_32_BIT_CONVERSION = YES;
				GCC_WARN_ABOUT_RETURN_TYPE = YES_ERROR;
				GCC_WARN_UNDECLARED_SELECTOR = YES;
				GCC_WARN_UNINITIALIZED_AUTOS = YES_AGGRESSIVE;
				GCC_WARN_UNUSED_FUNCTION = YES;
				GCC_WARN_UNUSED_VARIABLE = YES;
				IPHONEOS_DEPLOYMENT_TARGET = 16.2;
				MTL_ENABLE_DEBUG_INFO = NO;
				MTL_FAST_MATH = YES;
				SDKROOT = iphoneos;
				SWIFT_COMPILATION_MODE = wholemodule;
				SWIFT_OPTIMIZATION_LEVEL = "-O";
				VALIDATE_PRODUCT = YES;
			};
			name = Release;
		};
		A2E74F1329D75F4F001F50D8 /* Debug */ = {
			isa = XCBuildConfiguration;
			buildSettings = {
				ASSETCATALOG_COMPILER_APPICON_NAME = AppIcon;
				ASSETCATALOG_COMPILER_GLOBAL_ACCENT_COLOR_NAME = AccentColor;
				CODE_SIGN_STYLE = Automatic;
				CURRENT_PROJECT_VERSION = 1;
				DEVELOPMENT_ASSET_PATHS = "\"InstagramLayout/Preview Content\"";
				DEVELOPMENT_TEAM = 99JS49DL2P;
				ENABLE_PREVIEWS = YES;
				GENERATE_INFOPLIST_FILE = YES;
				INFOPLIST_KEY_UIApplicationSceneManifest_Generation = YES;
				INFOPLIST_KEY_UIApplicationSupportsIndirectInputEvents = YES;
				INFOPLIST_KEY_UILaunchScreen_Generation = YES;
				INFOPLIST_KEY_UISupportedInterfaceOrientations_iPad = "UIInterfaceOrientationPortrait UIInterfaceOrientationPortraitUpsideDown UIInterfaceOrientationLandscapeLeft UIInterfaceOrientationLandscapeRight";
				INFOPLIST_KEY_UISupportedInterfaceOrientations_iPhone = "UIInterfaceOrientationPortrait UIInterfaceOrientationLandscapeLeft UIInterfaceOrientationLandscapeRight";
				LD_RUNPATH_SEARCH_PATHS = (
					"$(inherited)",
					"@executable_path/Frameworks",
				);
				MARKETING_VERSION = 1.0;
				PRODUCT_BUNDLE_IDENTIFIER = "Samir-Pandey.InstagramLayout";
				PRODUCT_NAME = "$(TARGET_NAME)";
				SWIFT_EMIT_LOC_STRINGS = YES;
				SWIFT_VERSION = 5.0;
				TARGETED_DEVICE_FAMILY = "1,2";
			};
			name = Debug;
		};
		A2E74F1429D75F4F001F50D8 /* Release */ = {
			isa = XCBuildConfiguration;
			buildSettings = {
				ASSETCATALOG_COMPILER_APPICON_NAME = AppIcon;
				ASSETCATALOG_COMPILER_GLOBAL_ACCENT_COLOR_NAME = AccentColor;
				CODE_SIGN_STYLE = Automatic;
				CURRENT_PROJECT_VERSION = 1;
				DEVELOPMENT_ASSET_PATHS = "\"InstagramLayout/Preview Content\"";
				DEVELOPMENT_TEAM = 99JS49DL2P;
				ENABLE_PREVIEWS = YES;
				GENERATE_INFOPLIST_FILE = YES;
				INFOPLIST_KEY_UIApplicationSceneManifest_Generation = YES;
				INFOPLIST_KEY_UIApplicationSupportsIndirectInputEvents = YES;
				INFOPLIST_KEY_UILaunchScreen_Generation = YES;
				INFOPLIST_KEY_UISupportedInterfaceOrientations_iPad = "UIInterfaceOrientationPortrait UIInterfaceOrientationPortraitUpsideDown UIInterfaceOrientationLandscapeLeft UIInterfaceOrientationLandscapeRight";
				INFOPLIST_KEY_UISupportedInterfaceOrientations_iPhone = "UIInterfaceOrientationPortrait UIInterfaceOrientationLandscapeLeft UIInterfaceOrientationLandscapeRight";
				LD_RUNPATH_SEARCH_PATHS = (
					"$(inherited)",
					"@executable_path/Frameworks",
				);
				MARKETING_VERSION = 1.0;
				PRODUCT_BUNDLE_IDENTIFIER = "Samir-Pandey.InstagramLayout";
				PRODUCT_NAME = "$(TARGET_NAME)";
				SWIFT_EMIT_LOC_STRINGS = YES;
				SWIFT_VERSION = 5.0;
				TARGETED_DEVICE_FAMILY = "1,2";
			};
			name = Release;
		};
/* End XCBuildConfiguration section */

/* Begin XCConfigurationList section */
		A2E74EFF29D75F4D001F50D8 /* Build configuration list for PBXProject "InstagramLayout" */ = {
			isa = XCConfigurationList;
			buildConfigurations = (
				A2E74F1029D75F4F001F50D8 /* Debug */,
				A2E74F1129D75F4F001F50D8 /* Release */,
			);
			defaultConfigurationIsVisible = 0;
			defaultConfigurationName = Release;
		};
		A2E74F1229D75F4F001F50D8 /* Build configuration list for PBXNativeTarget "InstagramLayout" */ = {
			isa = XCConfigurationList;
			buildConfigurations = (
				A2E74F1329D75F4F001F50D8 /* Debug */,
				A2E74F1429D75F4F001F50D8 /* Release */,
			);
			defaultConfigurationIsVisible = 0;
			defaultConfigurationName = Release;
		};
/* End XCConfigurationList section */
	};
	rootObject = A2E74EFC29D75F4D001F50D8 /* Project object */;
}
